
Microsoft Visual Studio Solution File, Format Version 12.00
# Visual Studio Version 16
VisualStudioVersion = 16.0.29728.190
MinimumVisualStudioVersion = 10.0.40219.1
Project("{FAE04EC0-301F-11D3-BF4B-00C04F79EFBC}") = "SMFGC", "SMFGC\SMFGC.csproj", "{B4FD8D2A-A248-449F-96FA-E4D05B31B541}"
EndProject
Global
	GlobalSection(SolutionConfigurationPlatforms) = preSolution
		Debug|Any CPU = Debug|Any CPU
		Release|Any CPU = Release|Any CPU
	EndGlobalSection
	GlobalSection(ProjectConfigurationPlatforms) = postSolution
		{B4FD8D2A-A248-449F-96FA-E4D05B31B541}.Debug|Any CPU.ActiveCfg = Debug|Any CPU
		{B4FD8D2A-A248-449F-96FA-E4D05B31B541}.Debug|Any CPU.Build.0 = Debug|Any CPU
		{B4FD8D2A-A248-449F-96FA-E4D05B31B541}.Release|Any CPU.ActiveCfg = Release|Any CPU
		{B4FD8D2A-A248-449F-96FA-E4D05B31B541}.Release|Any CPU.Build.0 = Release|Any CPU
	EndGlobalSection
	GlobalSection(SolutionProperties) = preSolution
		HideSolutionNode = FALSE
	EndGlobalSection
	GlobalSection(ExtensibilityGlobals) = postSolution
		SolutionGuid = {448C4840-DC96-4708-9387-DFE0F34F96FD}
	EndGlobalSection
EndGlobal
